
Microsoft Visual Studio Solution File, Format Version 12.00
# Visual Studio Version 16
VisualStudioVersion = 16.0.29215.179
MinimumVisualStudioVersion = 10.0.40219.1
Project("{FAE04EC0-301F-11D3-BF4B-00C04F79EFBC}") = "Sorteringsalgoritmer", "Sorteringsalgoritmer\Sorteringsalgoritmer.csproj", "{73A57B7F-DCBA-46DD-B551-E8981F1DBBBE}"
EndProject
Global
	GlobalSection(SolutionConfigurationPlatforms) = preSolution
		Debug|Any CPU = Debug|Any CPU
		Release|Any CPU = Release|Any CPU
	EndGlobalSection
	GlobalSection(ProjectConfigurationPlatforms) = postSolution
		{73A57B7F-DCBA-46DD-B551-E8981F1DBBBE}.Debug|Any CPU.ActiveCfg = Debug|Any CPU
		{73A57B7F-DCBA-46DD-B551-E8981F1DBBBE}.Debug|Any CPU.Build.0 = Debug|Any CPU
		{73A57B7F-DCBA-46DD-B551-E8981F1DBBBE}.Release|Any CPU.ActiveCfg = Release|Any CPU
		{73A57B7F-DCBA-46DD-B551-E8981F1DBBBE}.Release|Any CPU.Build.0 = Release|Any CPU
	EndGlobalSection
	GlobalSection(SolutionProperties) = preSolution
		HideSolutionNode = FALSE
	EndGlobalSection
	GlobalSection(ExtensibilityGlobals) = postSolution
		SolutionGuid = {7C9697EB-BC82-42B8-B7BD-4D5D0565F845}
	EndGlobalSection
EndGlobal
